
Microsoft Visual Studio Solution File, Format Version 12.00
Project("{FAE04EC0-301F-11D3-BF4B-00C04F79EFBC}") = "Task1", "Task1.csproj", "{CC03B31F-6A02-4CCB-89C2-FB0A0778CB5A}"
EndProject
Global
	GlobalSection(SolutionConfigurationPlatforms) = preSolution
		Debug|Any CPU = Debug|Any CPU
		Release|Any CPU = Release|Any CPU
	EndGlobalSection
	GlobalSection(ProjectConfigurationPlatforms) = postSolution
		{CC03B31F-6A02-4CCB-89C2-FB0A0778CB5A}.Debug|Any CPU.ActiveCfg = Debug|Any CPU
		{CC03B31F-6A02-4CCB-89C2-FB0A0778CB5A}.Debug|Any CPU.Build.0 = Debug|Any CPU
		{CC03B31F-6A02-4CCB-89C2-FB0A0778CB5A}.Release|Any CPU.ActiveCfg = Release|Any CPU
		{CC03B31F-6A02-4CCB-89C2-FB0A0778CB5A}.Release|Any CPU.Build.0 = Release|Any CPU
	EndGlobalSection
EndGlobal
